<?xml version="1.0" encoding="utf-8"?>
<Project ToolsVersion="4.0" xmlns="http://schemas.microsoft.com/developer/msbuild/2003">
  <ItemGroup>
    <Filter Include="Source Files">
      <UniqueIdentifier>{eb8a8deb-bbc0-4e55-9b19-6b767f1e959b}</UniqueIdentifier>
    </Filter>
    <Filter Include="Resource Files">
      <UniqueIdentifier>{185af1db-af1a-4474-a1db-cad6890f95ef}</UniqueIdentifier>
    </Filter>
    <Filter Include="Header Files">
      <UniqueIdentifier>{16485ae7-c2f8-4f0f-9cfe-2109068d1092}</UniqueIdentifier>
    </Filter>
    <Filter Include="HEBI Params">
      <UniqueIdentifier>{96bc95d3-38e7-4bbf-ab9d-869496f034eb}</UniqueIdentifier>
    </Filter>
  </ItemGroup>
  <ItemGroup>
    <ClCompile Include="Button.cpp">
      <Filter>Source Files</Filter>
    </ClCompile>
    <ClCompile Include="LIBRA_HEBI.cpp">
      <Filter>Source Files</Filter>
    </ClCompile>
    <ClCompile Include="main.cpp">
      <Filter>Source Files</Filter>
    </ClCompile>
    <ClCompile Include="Mouse.cpp">
      <Filter>Source Files</Filter>
    </ClCompile>
    <ClCompile Include="Serial.cpp">
      <Filter>Source Files</Filter>
    </ClCompile>
    <ClCompile Include="app_mgr.cpp">
      <Filter>Source Files</Filter>
    </ClCompile>
    <ClCompile Include="input_box.cpp">
      <Filter>Source Files</Filter>
    </ClCompile>
    <ClCompile Include="lib\util\pretty_print.cpp">
      <Filter>Source Files</Filter>
    </ClCompile>
    <ClCompile Include="lib\camera\camera.cpp">
      <Filter>Source Files</Filter>
    </ClCompile>
  </ItemGroup>
  <ItemGroup>
    <ClInclude Include="Button.h">
      <Filter>Header Files</Filter>
    </ClInclude>
    <ClInclude Include="LIBRA_HEBI.h">
      <Filter>Header Files</Filter>
    </ClInclude>
    <ClInclude Include="Mouse.h">
      <Filter>Header Files</Filter>
    </ClInclude>
    <ClInclude Include="Serial.h">
      <Filter>Header Files</Filter>
    </ClInclude>
    <ClInclude Include="Singleton.h">
      <Filter>Header Files</Filter>
    </ClInclude>
    <ClInclude Include="View.h">
      <Filter>Header Files</Filter>
    </ClInclude>
    <ClInclude Include="app_mgr.h">
      <Filter>Header Files</Filter>
    </ClInclude>
    <ClInclude Include="input_box.h">
      <Filter>Header Files</Filter>
    </ClInclude>
    <ClInclude Include="qedit.h">
      <Filter>Header Files</Filter>
    </ClInclude>
    <ClInclude Include="onclick_listener.h">
      <Filter>Header Files</Filter>
    </ClInclude>
    <ClInclude Include="lib\camera\camera.h">
      <Filter>Header Files</Filter>
    </ClInclude>
    <ClInclude Include="lib\util\pretty_print.h">
      <Filter>Header Files</Filter>
    </ClInclude>
  </ItemGroup>
  <ItemGroup>
    <None Include="packages.config" />
    <None Include=".clang-format" />
    <None Include=".clang-tidy" />
    <None Include=".gitignore" />
    <None Include="README.md" />
    <None Include="res\ind_active.avi">
      <Filter>Resource Files</Filter>
    </None>
    <None Include="res\ind_idle.avi">
      <Filter>Resource Files</Filter>
    </None>
    <None Include="res\ind_mstop.avi">
      <Filter>Resource Files</Filter>
    </None>
    <None Include="res\ind_noip.avi">
      <Filter>Resource Files</Filter>
    </None>
    <None Include="res\ind_none.avi">
      <Filter>Resource Files</Filter>
    </None>
    <None Include="res\ind_safety.avi">
      <Filter>Resource Files</Filter>
    </None>
    <None Include="res\ind_temp.avi">
      <Filter>Resource Files</Filter>
    </None>
  </ItemGroup>
  <ItemGroup>
    <Xml Include="safety.xml">
      <Filter>HEBI Params</Filter>
    </Xml>
    <Xml Include="gain.xml">
      <Filter>HEBI Params</Filter>
    </Xml>
  </ItemGroup>
  <ItemGroup>
    <Text Include="LICENSE.txt" />
    <Text Include="res\title_ascii.txt">
      <Filter>Resource Files</Filter>
    </Text>
  </ItemGroup>
  <ItemGroup>
    <Image Include="res\LIBRA-II_App.ico">
      <Filter>Resource Files</Filter>
    </Image>
    <Image Include="res\LIBRA-II_App_bw.ico">
      <Filter>Resource Files</Filter>
    </Image>
    <Image Include="res\LIBRA-II_Docs_55x55.png">
      <Filter>Resource Files</Filter>
    </Image>
  </ItemGroup>
</Project>